// !$*UTF8*$!
{
	archiveVersion = 1;
	classes = {
	};
	objectVersion = 56;
	objects = {

/* Begin PBXBuildFile section */
		3D6869782B37390F006BE356 /* UserResponse.swift in Sources */ = {isa = PBXBuildFile; fileRef = 3D6869772B37390F006BE356 /* UserResponse.swift */; };
		3D68697A2B373E16006BE356 /* FailedView.swift in Sources */ = {isa = PBXBuildFile; fileRef = 3D6869792B373E16006BE356 /* FailedView.swift */; };
		3D68697D2B3745F5006BE356 /* OptionallyDecodable in Frameworks */ = {isa = PBXBuildFile; productRef = 3D68697C2B3745F5006BE356 /* OptionallyDecodable */; };
		3D87121D2B36DF9F00CF3A91 /* Alamofire in Frameworks */ = {isa = PBXBuildFile; productRef = 3D87121C2B36DF9F00CF3A91 /* Alamofire */; };
		3D8712202B36EBD500CF3A91 /* ProfilePage.swift in Sources */ = {isa = PBXBuildFile; fileRef = 3D87121F2B36EBD500CF3A91 /* ProfilePage.swift */; };
		3D8712232B36EC5000CF3A91 /* AppBar.swift in Sources */ = {isa = PBXBuildFile; fileRef = 3D8712222B36EC5000CF3A91 /* AppBar.swift */; };
		3D8712252B37025A00CF3A91 /* LoadingView.swift in Sources */ = {isa = PBXBuildFile; fileRef = 3D8712242B37025A00CF3A91 /* LoadingView.swift */; };
		3D8712272B3702B500CF3A91 /* EmptyView.swift in Sources */ = {isa = PBXBuildFile; fileRef = 3D8712262B3702B500CF3A91 /* EmptyView.swift */; };
		3D87122A2B37036600CF3A91 /* ProfileStaticView.swift in Sources */ = {isa = PBXBuildFile; fileRef = 3D8712292B37036600CF3A91 /* ProfileStaticView.swift */; };
		3DC9E2032B2B087700DBA476 /* enjoConsumerApp.swift in Sources */ = {isa = PBXBuildFile; fileRef = 3DC9E2022B2B087700DBA476 /* enjoConsumerApp.swift */; };
		3DC9E2052B2B087700DBA476 /* ContentView.swift in Sources */ = {isa = PBXBuildFile; fileRef = 3DC9E2042B2B087700DBA476 /* ContentView.swift */; };
		3DC9E2072B2B087900DBA476 /* Assets.xcassets in Resources */ = {isa = PBXBuildFile; fileRef = 3DC9E2062B2B087900DBA476 /* Assets.xcassets */; };
		3DC9E20A2B2B087900DBA476 /* Preview Assets.xcassets in Resources */ = {isa = PBXBuildFile; fileRef = 3DC9E2092B2B087900DBA476 /* Preview Assets.xcassets */; };
		3DC9E2142B2B087900DBA476 /* enjoConsumerTests.swift in Sources */ = {isa = PBXBuildFile; fileRef = 3DC9E2132B2B087900DBA476 /* enjoConsumerTests.swift */; };
		3DC9E21E2B2B087900DBA476 /* enjoConsumerUITests.swift in Sources */ = {isa = PBXBuildFile; fileRef = 3DC9E21D2B2B087900DBA476 /* enjoConsumerUITests.swift */; };
		3DC9E2202B2B087900DBA476 /* enjoConsumerUITestsLaunchTests.swift in Sources */ = {isa = PBXBuildFile; fileRef = 3DC9E21F2B2B087900DBA476 /* enjoConsumerUITestsLaunchTests.swift */; };
		3DC9E22F2B2B08EC00DBA476 /* Router.swift in Sources */ = {isa = PBXBuildFile; fileRef = 3DC9E22E2B2B08EC00DBA476 /* Router.swift */; };
		3DC9E23F2B2B0BD700DBA476 /* AuthRemoteDataSource.swift in Sources */ = {isa = PBXBuildFile; fileRef = 3DC9E23E2B2B0BD700DBA476 /* AuthRemoteDataSource.swift */; };
		3DC9E2422B2B119900DBA476 /* AuthRepositories.swift in Sources */ = {isa = PBXBuildFile; fileRef = 3DC9E2412B2B119900DBA476 /* AuthRepositories.swift */; };
		3DC9E2442B2B128300DBA476 /* AuthRepositoriesImpl.swift in Sources */ = {isa = PBXBuildFile; fileRef = 3DC9E2432B2B128300DBA476 /* AuthRepositoriesImpl.swift */; };
		3DC9E2472B2B136100DBA476 /* LoginPage.swift in Sources */ = {isa = PBXBuildFile; fileRef = 3DC9E2462B2B136100DBA476 /* LoginPage.swift */; };
		3DC9E24A2B2B156800DBA476 /* LoignResultView.swift in Sources */ = {isa = PBXBuildFile; fileRef = 3DC9E2492B2B156800DBA476 /* LoignResultView.swift */; };
		3DC9E24D2B2B16C100DBA476 /* LoginController.swift in Sources */ = {isa = PBXBuildFile; fileRef = 3DC9E24C2B2B16C100DBA476 /* LoginController.swift */; };
		3DC9E24F2B2B175E00DBA476 /* AuthState.swift in Sources */ = {isa = PBXBuildFile; fileRef = 3DC9E24E2B2B175E00DBA476 /* AuthState.swift */; };
		3DCABCD62B2E0260001C5D9C /* BottomSheet in Frameworks */ = {isa = PBXBuildFile; productRef = 3DCABCD52B2E0260001C5D9C /* BottomSheet */; };
/* End PBXBuildFile section */

/* Begin PBXContainerItemProxy section */
		3DC9E2102B2B087900DBA476 /* PBXContainerItemProxy */ = {
			isa = PBXContainerItemProxy;
			containerPortal = 3DC9E1F72B2B087700DBA476 /* Project object */;
			proxyType = 1;
			remoteGlobalIDString = 3DC9E1FE2B2B087700DBA476;
			remoteInfo = enjoConsumer;
		};
		3DC9E21A2B2B087900DBA476 /* PBXContainerItemProxy */ = {
			isa = PBXContainerItemProxy;
			containerPortal = 3DC9E1F72B2B087700DBA476 /* Project object */;
			proxyType = 1;
			remoteGlobalIDString = 3DC9E1FE2B2B087700DBA476;
			remoteInfo = enjoConsumer;
		};
/* End PBXContainerItemProxy section */

/* Begin PBXFileReference section */
		3D6869772B37390F006BE356 /* UserResponse.swift */ = {isa = PBXFileReference; lastKnownFileType = sourcecode.swift; path = UserResponse.swift; sourceTree = "<group>"; };
		3D6869792B373E16006BE356 /* FailedView.swift */ = {isa = PBXFileReference; lastKnownFileType = sourcecode.swift; path = FailedView.swift; sourceTree = "<group>"; };
		3D87121F2B36EBD500CF3A91 /* ProfilePage.swift */ = {isa = PBXFileReference; lastKnownFileType = sourcecode.swift; path = ProfilePage.swift; sourceTree = "<group>"; };
		3D8712222B36EC5000CF3A91 /* AppBar.swift */ = {isa = PBXFileReference; lastKnownFileType = sourcecode.swift; path = AppBar.swift; sourceTree = "<group>"; };
		3D8712242B37025A00CF3A91 /* LoadingView.swift */ = {isa = PBXFileReference; lastKnownFileType = sourcecode.swift; path = LoadingView.swift; sourceTree = "<group>"; };
		3D8712262B3702B500CF3A91 /* EmptyView.swift */ = {isa = PBXFileReference; lastKnownFileType = sourcecode.swift; path = EmptyView.swift; sourceTree = "<group>"; };
		3D8712292B37036600CF3A91 /* ProfileStaticView.swift */ = {isa = PBXFileReference; lastKnownFileType = sourcecode.swift; path = ProfileStaticView.swift; sourceTree = "<group>"; };
		3DC9E1FF2B2B087700DBA476 /* enjoConsumer.app */ = {isa = PBXFileReference; explicitFileType = wrapper.application; includeInIndex = 0; path = enjoConsumer.app; sourceTree = BUILT_PRODUCTS_DIR; };
		3DC9E2022B2B087700DBA476 /* enjoConsumerApp.swift */ = {isa = PBXFileReference; lastKnownFileType = sourcecode.swift; path = enjoConsumerApp.swift; sourceTree = "<group>"; };
		3DC9E2042B2B087700DBA476 /* ContentView.swift */ = {isa = PBXFileReference; lastKnownFileType = sourcecode.swift; path = ContentView.swift; sourceTree = "<group>"; };
		3DC9E2062B2B087900DBA476 /* Assets.xcassets */ = {isa = PBXFileReference; lastKnownFileType = folder.assetcatalog; path = Assets.xcassets; sourceTree = "<group>"; };
		3DC9E2092B2B087900DBA476 /* Preview Assets.xcassets */ = {isa = PBXFileReference; lastKnownFileType = folder.assetcatalog; path = "Preview Assets.xcassets"; sourceTree = "<group>"; };
		3DC9E20F2B2B087900DBA476 /* enjoConsumerTests.xctest */ = {isa = PBXFileReference; explicitFileType = wrapper.cfbundle; includeInIndex = 0; path = enjoConsumerTests.xctest; sourceTree = BUILT_PRODUCTS_DIR; };
		3DC9E2132B2B087900DBA476 /* enjoConsumerTests.swift */ = {isa = PBXFileReference; lastKnownFileType = sourcecode.swift; path = enjoConsumerTests.swift; sourceTree = "<group>"; };
		3DC9E2192B2B087900DBA476 /* enjoConsumerUITests.xctest */ = {isa = PBXFileReference; explicitFileType = wrapper.cfbundle; includeInIndex = 0; path = enjoConsumerUITests.xctest; sourceTree = BUILT_PRODUCTS_DIR; };
		3DC9E21D2B2B087900DBA476 /* enjoConsumerUITests.swift */ = {isa = PBXFileReference; lastKnownFileType = sourcecode.swift; path = enjoConsumerUITests.swift; sourceTree = "<group>"; };
		3DC9E21F2B2B087900DBA476 /* enjoConsumerUITestsLaunchTests.swift */ = {isa = PBXFileReference; lastKnownFileType = sourcecode.swift; path = enjoConsumerUITestsLaunchTests.swift; sourceTree = "<group>"; };
		3DC9E22E2B2B08EC00DBA476 /* Router.swift */ = {isa = PBXFileReference; lastKnownFileType = sourcecode.swift; path = Router.swift; sourceTree = "<group>"; };
		3DC9E23E2B2B0BD700DBA476 /* AuthRemoteDataSource.swift */ = {isa = PBXFileReference; lastKnownFileType = sourcecode.swift; path = AuthRemoteDataSource.swift; sourceTree = "<group>"; };
		3DC9E2412B2B119900DBA476 /* AuthRepositories.swift */ = {isa = PBXFileReference; lastKnownFileType = sourcecode.swift; path = AuthRepositories.swift; sourceTree = "<group>"; };
		3DC9E2432B2B128300DBA476 /* AuthRepositoriesImpl.swift */ = {isa = PBXFileReference; lastKnownFileType = sourcecode.swift; path = AuthRepositoriesImpl.swift; sourceTree = "<group>"; };
		3DC9E2462B2B136100DBA476 /* LoginPage.swift */ = {isa = PBXFileReference; lastKnownFileType = sourcecode.swift; path = LoginPage.swift; sourceTree = "<group>"; };
		3DC9E2492B2B156800DBA476 /* LoignResultView.swift */ = {isa = PBXFileReference; lastKnownFileType = sourcecode.swift; path = LoignResultView.swift; sourceTree = "<group>"; };
		3DC9E24C2B2B16C100DBA476 /* LoginController.swift */ = {isa = PBXFileReference; lastKnownFileType = sourcecode.swift; path = LoginController.swift; sourceTree = "<group>"; };
		3DC9E24E2B2B175E00DBA476 /* AuthState.swift */ = {isa = PBXFileReference; lastKnownFileType = sourcecode.swift; path = AuthState.swift; sourceTree = "<group>"; };
/* End PBXFileReference section */

/* Begin PBXFrameworksBuildPhase section */
		3DC9E1FC2B2B087700DBA476 /* Frameworks */ = {
			isa = PBXFrameworksBuildPhase;
			buildActionMask = 2147483647;
			files = (
				3DCABCD62B2E0260001C5D9C /* BottomSheet in Frameworks */,
				3D87121D2B36DF9F00CF3A91 /* Alamofire in Frameworks */,
				3D68697D2B3745F5006BE356 /* OptionallyDecodable in Frameworks */,
			);
			runOnlyForDeploymentPostprocessing = 0;
		};
		3DC9E20C2B2B087900DBA476 /* Frameworks */ = {
			isa = PBXFrameworksBuildPhase;
			buildActionMask = 2147483647;
			files = (
			);
			runOnlyForDeploymentPostprocessing = 0;
		};
		3DC9E2162B2B087900DBA476 /* Frameworks */ = {
			isa = PBXFrameworksBuildPhase;
			buildActionMask = 2147483647;
			files = (
			);
			runOnlyForDeploymentPostprocessing = 0;
		};
/* End PBXFrameworksBuildPhase section */

/* Begin PBXGroup section */
		3D87121E2B36EBBA00CF3A91 /* ProfilePage */ = {
			isa = PBXGroup;
			children = (
				3D87121F2B36EBD500CF3A91 /* ProfilePage.swift */,
			);
			path = ProfilePage;
			sourceTree = "<group>";
		};
		3D8712212B36EC0400CF3A91 /* ProfilePage */ = {
			isa = PBXGroup;
			children = (
				3D8712222B36EC5000CF3A91 /* AppBar.swift */,
				3D8712242B37025A00CF3A91 /* LoadingView.swift */,
				3D8712262B3702B500CF3A91 /* EmptyView.swift */,
				3D8712292B37036600CF3A91 /* ProfileStaticView.swift */,
				3D6869792B373E16006BE356 /* FailedView.swift */,
			);
			path = ProfilePage;
			sourceTree = "<group>";
		};
		3DC9E1F62B2B087700DBA476 = {
			isa = PBXGroup;
			children = (
				3DC9E2012B2B087700DBA476 /* enjoConsumer */,
				3DC9E2122B2B087900DBA476 /* enjoConsumerTests */,
				3DC9E21C2B2B087900DBA476 /* enjoConsumerUITests */,
				3DC9E2002B2B087700DBA476 /* Products */,
			);
			sourceTree = "<group>";
		};
		3DC9E2002B2B087700DBA476 /* Products */ = {
			isa = PBXGroup;
			children = (
				3DC9E1FF2B2B087700DBA476 /* enjoConsumer.app */,
				3DC9E20F2B2B087900DBA476 /* enjoConsumerTests.xctest */,
				3DC9E2192B2B087900DBA476 /* enjoConsumerUITests.xctest */,
			);
			name = Products;
			sourceTree = "<group>";
		};
		3DC9E2012B2B087700DBA476 /* enjoConsumer */ = {
			isa = PBXGroup;
			children = (
				3DC9E2302B2B09DB00DBA476 /* features */,
				3DC9E22C2B2B08A900DBA476 /* Core */,
				3DC9E2022B2B087700DBA476 /* enjoConsumerApp.swift */,
				3DC9E2042B2B087700DBA476 /* ContentView.swift */,
				3DC9E2062B2B087900DBA476 /* Assets.xcassets */,
				3DC9E2082B2B087900DBA476 /* Preview Content */,
			);
			path = enjoConsumer;
			sourceTree = "<group>";
		};
		3DC9E2082B2B087900DBA476 /* Preview Content */ = {
			isa = PBXGroup;
			children = (
				3DC9E2092B2B087900DBA476 /* Preview Assets.xcassets */,
			);
			path = "Preview Content";
			sourceTree = "<group>";
		};
		3DC9E2122B2B087900DBA476 /* enjoConsumerTests */ = {
			isa = PBXGroup;
			children = (
				3DC9E2132B2B087900DBA476 /* enjoConsumerTests.swift */,
			);
			path = enjoConsumerTests;
			sourceTree = "<group>";
		};
		3DC9E21C2B2B087900DBA476 /* enjoConsumerUITests */ = {
			isa = PBXGroup;
			children = (
				3DC9E21D2B2B087900DBA476 /* enjoConsumerUITests.swift */,
				3DC9E21F2B2B087900DBA476 /* enjoConsumerUITestsLaunchTests.swift */,
			);
			path = enjoConsumerUITests;
			sourceTree = "<group>";
		};
		3DC9E22C2B2B08A900DBA476 /* Core */ = {
			isa = PBXGroup;
			children = (
				3DC9E22D2B2B08CD00DBA476 /* Router */,
			);
			path = Core;
			sourceTree = "<group>";
		};
		3DC9E22D2B2B08CD00DBA476 /* Router */ = {
			isa = PBXGroup;
			children = (
				3DC9E22E2B2B08EC00DBA476 /* Router.swift */,
			);
			path = Router;
			sourceTree = "<group>";
		};
		3DC9E2302B2B09DB00DBA476 /* features */ = {
			isa = PBXGroup;
			children = (
				3DC9E2322B2B09FB00DBA476 /* Auth */,
			);
			path = features;
			sourceTree = "<group>";
		};
		3DC9E2322B2B09FB00DBA476 /* Auth */ = {
			isa = PBXGroup;
			children = (
				3DC9E2352B2B0A7900DBA476 /* Presentation */,
				3DC9E2342B2B0A7000DBA476 /* Domain */,
				3DC9E2332B2B0A5F00DBA476 /* Data */,
			);
			path = Auth;
			sourceTree = "<group>";
		};
		3DC9E2332B2B0A5F00DBA476 /* Data */ = {
			isa = PBXGroup;
			children = (
				3DC9E23B2B2B0B6600DBA476 /* Repositories */,
				3DC9E23A2B2B0AC100DBA476 /* Model */,
				3DC9E2392B2B0AB300DBA476 /* DataSource */,
			);
			path = Data;
			sourceTree = "<group>";
		};
		3DC9E2342B2B0A7000DBA476 /* Domain */ = {
			isa = PBXGroup;
			children = (
				3DC9E23C2B2B0B9100DBA476 /* Repositories */,
			);
			path = Domain;
			sourceTree = "<group>";
		};
		3DC9E2352B2B0A7900DBA476 /* Presentation */ = {
			isa = PBXGroup;
			children = (
				3DC9E2382B2B0A9B00DBA476 /* SubViews */,
				3DC9E2372B2B0A9300DBA476 /* Controller */,
				3DC9E2362B2B0A8800DBA476 /* View */,
			);
			path = Presentation;
			sourceTree = "<group>";
		};
		3DC9E2362B2B0A8800DBA476 /* View */ = {
			isa = PBXGroup;
			children = (
				3D87121E2B36EBBA00CF3A91 /* ProfilePage */,
				3DC9E2452B2B134000DBA476 /* Login */,
			);
			path = View;
			sourceTree = "<group>";
		};
		3DC9E2372B2B0A9300DBA476 /* Controller */ = {
			isa = PBXGroup;
			children = (
				3DC9E24B2B2B16A600DBA476 /* AuthController */,
			);
			path = Controller;
			sourceTree = "<group>";
		};
		3DC9E2382B2B0A9B00DBA476 /* SubViews */ = {
			isa = PBXGroup;
			children = (
				3D8712212B36EC0400CF3A91 /* ProfilePage */,
				3DC9E2482B2B154F00DBA476 /* LoginSubview */,
			);
			path = SubViews;
			sourceTree = "<group>";
		};
		3DC9E2392B2B0AB300DBA476 /* DataSource */ = {
			isa = PBXGroup;
			children = (
				3DC9E23D2B2B0BB300DBA476 /* RemoteDataSource */,
			);
			path = DataSource;
			sourceTree = "<group>";
		};
		3DC9E23A2B2B0AC100DBA476 /* Model */ = {
			isa = PBXGroup;
			children = (
				3D6869772B37390F006BE356 /* UserResponse.swift */,
			);
			path = Model;
			sourceTree = "<group>";
		};
		3DC9E23B2B2B0B6600DBA476 /* Repositories */ = {
			isa = PBXGroup;
			children = (
				3DC9E2432B2B128300DBA476 /* AuthRepositoriesImpl.swift */,
			);
			path = Repositories;
			sourceTree = "<group>";
		};
		3DC9E23C2B2B0B9100DBA476 /* Repositories */ = {
			isa = PBXGroup;
			children = (
				3DC9E2412B2B119900DBA476 /* AuthRepositories.swift */,
			);
			path = Repositories;
			sourceTree = "<group>";
		};
		3DC9E23D2B2B0BB300DBA476 /* RemoteDataSource */ = {
			isa = PBXGroup;
			children = (
				3DC9E23E2B2B0BD700DBA476 /* AuthRemoteDataSource.swift */,
			);
			path = RemoteDataSource;
			sourceTree = "<group>";
		};
		3DC9E2452B2B134000DBA476 /* Login */ = {
			isa = PBXGroup;
			children = (
				3DC9E2462B2B136100DBA476 /* LoginPage.swift */,
			);
			path = Login;
			sourceTree = "<group>";
		};
		3DC9E2482B2B154F00DBA476 /* LoginSubview */ = {
			isa = PBXGroup;
			children = (
				3DC9E2492B2B156800DBA476 /* LoignResultView.swift */,
			);
			path = LoginSubview;
			sourceTree = "<group>";
		};
		3DC9E24B2B2B16A600DBA476 /* AuthController */ = {
			isa = PBXGroup;
			children = (
				3DC9E24C2B2B16C100DBA476 /* LoginController.swift */,
				3DC9E24E2B2B175E00DBA476 /* AuthState.swift */,
			);
			path = AuthController;
			sourceTree = "<group>";
		};
/* End PBXGroup section */

/* Begin PBXNativeTarget section */
		3DC9E1FE2B2B087700DBA476 /* enjoConsumer */ = {
			isa = PBXNativeTarget;
			buildConfigurationList = 3DC9E2232B2B087900DBA476 /* Build configuration list for PBXNativeTarget "enjoConsumer" */;
			buildPhases = (
				3DC9E1FB2B2B087700DBA476 /* Sources */,
				3DC9E1FC2B2B087700DBA476 /* Frameworks */,
				3DC9E1FD2B2B087700DBA476 /* Resources */,
			);
			buildRules = (
			);
			dependencies = (
			);
			name = enjoConsumer;
			packageProductDependencies = (
				3DCABCD52B2E0260001C5D9C /* BottomSheet */,
				3D87121C2B36DF9F00CF3A91 /* Alamofire */,
				3D68697C2B3745F5006BE356 /* OptionallyDecodable */,
			);
			productName = enjoConsumer;
			productReference = 3DC9E1FF2B2B087700DBA476 /* enjoConsumer.app */;
			productType = "com.apple.product-type.application";
		};
		3DC9E20E2B2B087900DBA476 /* enjoConsumerTests */ = {
			isa = PBXNativeTarget;
			buildConfigurationList = 3DC9E2262B2B087900DBA476 /* Build configuration list for PBXNativeTarget "enjoConsumerTests" */;
			buildPhases = (
				3DC9E20B2B2B087900DBA476 /* Sources */,
				3DC9E20C2B2B087900DBA476 /* Frameworks */,
				3DC9E20D2B2B087900DBA476 /* Resources */,
			);
			buildRules = (
			);
			dependencies = (
				3DC9E2112B2B087900DBA476 /* PBXTargetDependency */,
			);
			name = enjoConsumerTests;
			productName = enjoConsumerTests;
			productReference = 3DC9E20F2B2B087900DBA476 /* enjoConsumerTests.xctest */;
			productType = "com.apple.product-type.bundle.unit-test";
		};
		3DC9E2182B2B087900DBA476 /* enjoConsumerUITests */ = {
			isa = PBXNativeTarget;
			buildConfigurationList = 3DC9E2292B2B087900DBA476 /* Build configuration list for PBXNativeTarget "enjoConsumerUITests" */;
			buildPhases = (
				3DC9E2152B2B087900DBA476 /* Sources */,
				3DC9E2162B2B087900DBA476 /* Frameworks */,
				3DC9E2172B2B087900DBA476 /* Resources */,
			);
			buildRules = (
			);
			dependencies = (
				3DC9E21B2B2B087900DBA476 /* PBXTargetDependency */,
			);
			name = enjoConsumerUITests;
			productName = enjoConsumerUITests;
			productReference = 3DC9E2192B2B087900DBA476 /* enjoConsumerUITests.xctest */;
			productType = "com.apple.product-type.bundle.ui-testing";
		};
/* End PBXNativeTarget section */

/* Begin PBXProject section */
		3DC9E1F72B2B087700DBA476 /* Project object */ = {
			isa = PBXProject;
			attributes = {
				BuildIndependentTargetsInParallel = 1;
				LastSwiftUpdateCheck = 1500;
				LastUpgradeCheck = 1500;
				TargetAttributes = {
					3DC9E1FE2B2B087700DBA476 = {
						CreatedOnToolsVersion = 15.0;
					};
					3DC9E20E2B2B087900DBA476 = {
						CreatedOnToolsVersion = 15.0;
						TestTargetID = 3DC9E1FE2B2B087700DBA476;
					};
					3DC9E2182B2B087900DBA476 = {
						CreatedOnToolsVersion = 15.0;
						TestTargetID = 3DC9E1FE2B2B087700DBA476;
					};
				};
			};
			buildConfigurationList = 3DC9E1FA2B2B087700DBA476 /* Build configuration list for PBXProject "enjoConsumer" */;
			compatibilityVersion = "Xcode 14.0";
			developmentRegion = en;
			hasScannedForEncodings = 0;
			knownRegions = (
				en,
				Base,
			);
			mainGroup = 3DC9E1F62B2B087700DBA476;
			packageReferences = (
				3DCABCD42B2E0260001C5D9C /* XCRemoteSwiftPackageReference "BottomSheet" */,
				3D87121B2B36DF9F00CF3A91 /* XCRemoteSwiftPackageReference "Alamofire" */,
				3D68697B2B3745F5006BE356 /* XCRemoteSwiftPackageReference "OptionallyDecodable" */,
			);
			productRefGroup = 3DC9E2002B2B087700DBA476 /* Products */;
			projectDirPath = "";
			projectRoot = "";
			targets = (
				3DC9E1FE2B2B087700DBA476 /* enjoConsumer */,
				3DC9E20E2B2B087900DBA476 /* enjoConsumerTests */,
				3DC9E2182B2B087900DBA476 /* enjoConsumerUITests */,
			);
		};
/* End PBXProject section */

/* Begin PBXResourcesBuildPhase section */
		3DC9E1FD2B2B087700DBA476 /* Resources */ = {
			isa = PBXResourcesBuildPhase;
			buildActionMask = 2147483647;
			files = (
				3DC9E20A2B2B087900DBA476 /* Preview Assets.xcassets in Resources */,
				3DC9E2072B2B087900DBA476 /* Assets.xcassets in Resources */,
			);
			runOnlyForDeploymentPostprocessing = 0;
		};
		3DC9E20D2B2B087900DBA476 /* Resources */ = {
			isa = PBXResourcesBuildPhase;
			buildActionMask = 2147483647;
			files = (
			);
			runOnlyForDeploymentPostprocessing = 0;
		};
		3DC9E2172B2B087900DBA476 /* Resources */ = {
			isa = PBXResourcesBuildPhase;
			buildActionMask = 2147483647;
			files = (
			);
			runOnlyForDeploymentPostprocessing = 0;
		};
/* End PBXResourcesBuildPhase section */

/* Begin PBXSourcesBuildPhase section */
		3DC9E1FB2B2B087700DBA476 /* Sources */ = {
			isa = PBXSourcesBuildPhase;
			buildActionMask = 2147483647;
			files = (
				3DC9E2422B2B119900DBA476 /* AuthRepositories.swift in Sources */,
				3DC9E2442B2B128300DBA476 /* AuthRepositoriesImpl.swift in Sources */,
				3D6869782B37390F006BE356 /* UserResponse.swift in Sources */,
				3D8712272B3702B500CF3A91 /* EmptyView.swift in Sources */,
				3DC9E2052B2B087700DBA476 /* ContentView.swift in Sources */,
				3D8712252B37025A00CF3A91 /* LoadingView.swift in Sources */,
				3DC9E24A2B2B156800DBA476 /* LoignResultView.swift in Sources */,
				3DC9E24D2B2B16C100DBA476 /* LoginController.swift in Sources */,
				3D8712232B36EC5000CF3A91 /* AppBar.swift in Sources */,
				3D87122A2B37036600CF3A91 /* ProfileStaticView.swift in Sources */,
				3DC9E2032B2B087700DBA476 /* enjoConsumerApp.swift in Sources */,
				3DC9E2472B2B136100DBA476 /* LoginPage.swift in Sources */,
				3DC9E24F2B2B175E00DBA476 /* AuthState.swift in Sources */,
				3D68697A2B373E16006BE356 /* FailedView.swift in Sources */,
				3D8712202B36EBD500CF3A91 /* ProfilePage.swift in Sources */,
				3DC9E23F2B2B0BD700DBA476 /* AuthRemoteDataSource.swift in Sources */,
				3DC9E22F2B2B08EC00DBA476 /* Router.swift in Sources */,
			);
			runOnlyForDeploymentPostprocessing = 0;
		};
		3DC9E20B2B2B087900DBA476 /* Sources */ = {
			isa = PBXSourcesBuildPhase;
			buildActionMask = 2147483647;
			files = (
				3DC9E2142B2B087900DBA476 /* enjoConsumerTests.swift in Sources */,
			);
			runOnlyForDeploymentPostprocessing = 0;
		};
		3DC9E2152B2B087900DBA476 /* Sources */ = {
			isa = PBXSourcesBuildPhase;
			buildActionMask = 2147483647;
			files = (
				3DC9E2202B2B087900DBA476 /* enjoConsumerUITestsLaunchTests.swift in Sources */,
				3DC9E21E2B2B087900DBA476 /* enjoConsumerUITests.swift in Sources */,
			);
			runOnlyForDeploymentPostprocessing = 0;
		};
/* End PBXSourcesBuildPhase section */

/* Begin PBXTargetDependency section */
		3DC9E2112B2B087900DBA476 /* PBXTargetDependency */ = {
			isa = PBXTargetDependency;
			target = 3DC9E1FE2B2B087700DBA476 /* enjoConsumer */;
			targetProxy = 3DC9E2102B2B087900DBA476 /* PBXContainerItemProxy */;
		};
		3DC9E21B2B2B087900DBA476 /* PBXTargetDependency */ = {
			isa = PBXTargetDependency;
			target = 3DC9E1FE2B2B087700DBA476 /* enjoConsumer */;
			targetProxy = 3DC9E21A2B2B087900DBA476 /* PBXContainerItemProxy */;
		};
/* End PBXTargetDependency section */

/* Begin XCBuildConfiguration section */
		3DC9E2212B2B087900DBA476 /* Debug */ = {
			isa = XCBuildConfiguration;
			buildSettings = {
				ALWAYS_SEARCH_USER_PATHS = NO;
				ASSETCATALOG_COMPILER_GENERATE_SWIFT_ASSET_SYMBOL_EXTENSIONS = YES;
				CLANG_ANALYZER_NONNULL = YES;
				CLANG_ANALYZER_NUMBER_OBJECT_CONVERSION = YES_AGGRESSIVE;
				CLANG_CXX_LANGUAGE_STANDARD = "gnu++20";
				CLANG_ENABLE_MODULES = YES;
				CLANG_ENABLE_OBJC_ARC = YES;
				CLANG_ENABLE_OBJC_WEAK = YES;
				CLANG_WARN_BLOCK_CAPTURE_AUTORELEASING = YES;
				CLANG_WARN_BOOL_CONVERSION = YES;
				CLANG_WARN_COMMA = YES;
				CLANG_WARN_CONSTANT_CONVERSION = YES;
				CLANG_WARN_DEPRECATED_OBJC_IMPLEMENTATIONS = YES;
				CLANG_WARN_DIRECT_OBJC_ISA_USAGE = YES_ERROR;
				CLANG_WARN_DOCUMENTATION_COMMENTS = YES;
				CLANG_WARN_EMPTY_BODY = YES;
				CLANG_WARN_ENUM_CONVERSION = YES;
				CLANG_WARN_INFINITE_RECURSION = YES;
				CLANG_WARN_INT_CONVERSION = YES;
				CLANG_WARN_NON_LITERAL_NULL_CONVERSION = YES;
				CLANG_WARN_OBJC_IMPLICIT_RETAIN_SELF = YES;
				CLANG_WARN_OBJC_LITERAL_CONVERSION = YES;
				CLANG_WARN_OBJC_ROOT_CLASS = YES_ERROR;
				CLANG_WARN_QUOTED_INCLUDE_IN_FRAMEWORK_HEADER = YES;
				CLANG_WARN_RANGE_LOOP_ANALYSIS = YES;
				CLANG_WARN_STRICT_PROTOTYPES = YES;
				CLANG_WARN_SUSPICIOUS_MOVE = YES;
				CLANG_WARN_UNGUARDED_AVAILABILITY = YES_AGGRESSIVE;
				CLANG_WARN_UNREACHABLE_CODE = YES;
				CLANG_WARN__DUPLICATE_METHOD_MATCH = YES;
				COPY_PHASE_STRIP = NO;
				DEBUG_INFORMATION_FORMAT = dwarf;
				ENABLE_STRICT_OBJC_MSGSEND = YES;
				ENABLE_TESTABILITY = YES;
				ENABLE_USER_SCRIPT_SANDBOXING = YES;
				GCC_C_LANGUAGE_STANDARD = gnu17;
				GCC_DYNAMIC_NO_PIC = NO;
				GCC_NO_COMMON_BLOCKS = YES;
				GCC_OPTIMIZATION_LEVEL = 0;
				GCC_PREPROCESSOR_DEFINITIONS = (
					"DEBUG=1",
					"$(inherited)",
				);
				GCC_WARN_64_TO_32_BIT_CONVERSION = YES;
				GCC_WARN_ABOUT_RETURN_TYPE = YES_ERROR;
				GCC_WARN_UNDECLARED_SELECTOR = YES;
				GCC_WARN_UNINITIALIZED_AUTOS = YES_AGGRESSIVE;
				GCC_WARN_UNUSED_FUNCTION = YES;
				GCC_WARN_UNUSED_VARIABLE = YES;
				IPHONEOS_DEPLOYMENT_TARGET = 17.0;
				LOCALIZATION_PREFERS_STRING_CATALOGS = YES;
				MTL_ENABLE_DEBUG_INFO = INCLUDE_SOURCE;
				MTL_FAST_MATH = YES;
				ONLY_ACTIVE_ARCH = YES;
				SDKROOT = iphoneos;
				SWIFT_ACTIVE_COMPILATION_CONDITIONS = "DEBUG $(inherited)";
				SWIFT_OPTIMIZATION_LEVEL = "-Onone";
			};
			name = Debug;
		};
		3DC9E2222B2B087900DBA476 /* Release */ = {
			isa = XCBuildConfiguration;
			buildSettings = {
				ALWAYS_SEARCH_USER_PATHS = NO;
				ASSETCATALOG_COMPILER_GENERATE_SWIFT_ASSET_SYMBOL_EXTENSIONS = YES;
				CLANG_ANALYZER_NONNULL = YES;
				CLANG_ANALYZER_NUMBER_OBJECT_CONVERSION = YES_AGGRESSIVE;
				CLANG_CXX_LANGUAGE_STANDARD = "gnu++20";
				CLANG_ENABLE_MODULES = YES;
				CLANG_ENABLE_OBJC_ARC = YES;
				CLANG_ENABLE_OBJC_WEAK = YES;
				CLANG_WARN_BLOCK_CAPTURE_AUTORELEASING = YES;
				CLANG_WARN_BOOL_CONVERSION = YES;
				CLANG_WARN_COMMA = YES;
				CLANG_WARN_CONSTANT_CONVERSION = YES;
				CLANG_WARN_DEPRECATED_OBJC_IMPLEMENTATIONS = YES;
				CLANG_WARN_DIRECT_OBJC_ISA_USAGE = YES_ERROR;
				CLANG_WARN_DOCUMENTATION_COMMENTS = YES;
				CLANG_WARN_EMPTY_BODY = YES;
				CLANG_WARN_ENUM_CONVERSION = YES;
				CLANG_WARN_INFINITE_RECURSION = YES;
				CLANG_WARN_INT_CONVERSION = YES;
				CLANG_WARN_NON_LITERAL_NULL_CONVERSION = YES;
				CLANG_WARN_OBJC_IMPLICIT_RETAIN_SELF = YES;
				CLANG_WARN_OBJC_LITERAL_CONVERSION = YES;
				CLANG_WARN_OBJC_ROOT_CLASS = YES_ERROR;
				CLANG_WARN_QUOTED_INCLUDE_IN_FRAMEWORK_HEADER = YES;
				CLANG_WARN_RANGE_LOOP_ANALYSIS = YES;
				CLANG_WARN_STRICT_PROTOTYPES = YES;
				CLANG_WARN_SUSPICIOUS_MOVE = YES;
				CLANG_WARN_UNGUARDED_AVAILABILITY = YES_AGGRESSIVE;
				CLANG_WARN_UNREACHABLE_CODE = YES;
				CLANG_WARN__DUPLICATE_METHOD_MATCH = YES;
				COPY_PHASE_STRIP = NO;
				DEBUG_INFORMATION_FORMAT = "dwarf-with-dsym";
				ENABLE_NS_ASSERTIONS = NO;
				ENABLE_STRICT_OBJC_MSGSEND = YES;
				ENABLE_USER_SCRIPT_SANDBOXING = YES;
				GCC_C_LANGUAGE_STANDARD = gnu17;
				GCC_NO_COMMON_BLOCKS = YES;
				GCC_WARN_64_TO_32_BIT_CONVERSION = YES;
				GCC_WARN_ABOUT_RETURN_TYPE = YES_ERROR;
				GCC_WARN_UNDECLARED_SELECTOR = YES;
				GCC_WARN_UNINITIALIZED_AUTOS = YES_AGGRESSIVE;
				GCC_WARN_UNUSED_FUNCTION = YES;
				GCC_WARN_UNUSED_VARIABLE = YES;
				IPHONEOS_DEPLOYMENT_TARGET = 17.0;
				LOCALIZATION_PREFERS_STRING_CATALOGS = YES;
				MTL_ENABLE_DEBUG_INFO = NO;
				MTL_FAST_MATH = YES;
				SDKROOT = iphoneos;
				SWIFT_COMPILATION_MODE = wholemodule;
				VALIDATE_PRODUCT = YES;
			};
			name = Release;
		};
		3DC9E2242B2B087900DBA476 /* Debug */ = {
			isa = XCBuildConfiguration;
			buildSettings = {
				ASSETCATALOG_COMPILER_APPICON_NAME = AppIcon;
				ASSETCATALOG_COMPILER_GLOBAL_ACCENT_COLOR_NAME = AccentColor;
				CODE_SIGN_STYLE = Automatic;
				CURRENT_PROJECT_VERSION = 1;
				DEVELOPMENT_ASSET_PATHS = "\"enjoConsumer/Preview Content\"";
				DEVELOPMENT_TEAM = Q3C3VR2JX9;
				ENABLE_PREVIEWS = YES;
				GENERATE_INFOPLIST_FILE = YES;
				INFOPLIST_KEY_UIApplicationSceneManifest_Generation = YES;
				INFOPLIST_KEY_UIApplicationSupportsIndirectInputEvents = YES;
				INFOPLIST_KEY_UILaunchScreen_Generation = YES;
				INFOPLIST_KEY_UISupportedInterfaceOrientations_iPad = "UIInterfaceOrientationPortrait UIInterfaceOrientationPortraitUpsideDown UIInterfaceOrientationLandscapeLeft UIInterfaceOrientationLandscapeRight";
				INFOPLIST_KEY_UISupportedInterfaceOrientations_iPhone = "UIInterfaceOrientationPortrait UIInterfaceOrientationLandscapeLeft UIInterfaceOrientationLandscapeRight";
				LD_RUNPATH_SEARCH_PATHS = (
					"$(inherited)",
					"@executable_path/Frameworks",
				);
				MARKETING_VERSION = 1.0;
				PRODUCT_BUNDLE_IDENTIFIER = com.rgs.enjoConsumer;
				PRODUCT_NAME = "$(TARGET_NAME)";
				SWIFT_EMIT_LOC_STRINGS = YES;
				SWIFT_VERSION = 5.0;
				TARGETED_DEVICE_FAMILY = "1,2";
			};
			name = Debug;
		};
		3DC9E2252B2B087900DBA476 /* Release */ = {
			isa = XCBuildConfiguration;
			buildSettings = {
				ASSETCATALOG_COMPILER_APPICON_NAME = AppIcon;
				ASSETCATALOG_COMPILER_GLOBAL_ACCENT_COLOR_NAME = AccentColor;
				CODE_SIGN_STYLE = Automatic;
				CURRENT_PROJECT_VERSION = 1;
				DEVELOPMENT_ASSET_PATHS = "\"enjoConsumer/Preview Content\"";
				DEVELOPMENT_TEAM = Q3C3VR2JX9;
				ENABLE_PREVIEWS = YES;
				GENERATE_INFOPLIST_FILE = YES;
				INFOPLIST_KEY_UIApplicationSceneManifest_Generation = YES;
				INFOPLIST_KEY_UIApplicationSupportsIndirectInputEvents = YES;
				INFOPLIST_KEY_UILaunchScreen_Generation = YES;
				INFOPLIST_KEY_UISupportedInterfaceOrientations_iPad = "UIInterfaceOrientationPortrait UIInterfaceOrientationPortraitUpsideDown UIInterfaceOrientationLandscapeLeft UIInterfaceOrientationLandscapeRight";
				INFOPLIST_KEY_UISupportedInterfaceOrientations_iPhone = "UIInterfaceOrientationPortrait UIInterfaceOrientationLandscapeLeft UIInterfaceOrientationLandscapeRight";
				LD_RUNPATH_SEARCH_PATHS = (
					"$(inherited)",
					"@executable_path/Frameworks",
				);
				MARKETING_VERSION = 1.0;
				PRODUCT_BUNDLE_IDENTIFIER = com.rgs.enjoConsumer;
				PRODUCT_NAME = "$(TARGET_NAME)";
				SWIFT_EMIT_LOC_STRINGS = YES;
				SWIFT_VERSION = 5.0;
				TARGETED_DEVICE_FAMILY = "1,2";
			};
			name = Release;
		};
		3DC9E2272B2B087900DBA476 /* Debug */ = {
			isa = XCBuildConfiguration;
			buildSettings = {
				ALWAYS_EMBED_SWIFT_STANDARD_LIBRARIES = YES;
				BUNDLE_LOADER = "$(TEST_HOST)";
				CODE_SIGN_STYLE = Automatic;
				CURRENT_PROJECT_VERSION = 1;
				DEVELOPMENT_TEAM = Q3C3VR2JX9;
				GENERATE_INFOPLIST_FILE = YES;
				IPHONEOS_DEPLOYMENT_TARGET = 17.0;
				MARKETING_VERSION = 1.0;
				PRODUCT_BUNDLE_IDENTIFIER = com.rgs.enjoConsumerTests;
				PRODUCT_NAME = "$(TARGET_NAME)";
				SWIFT_EMIT_LOC_STRINGS = NO;
				SWIFT_VERSION = 5.0;
				TARGETED_DEVICE_FAMILY = "1,2";
				TEST_HOST = "$(BUILT_PRODUCTS_DIR)/enjoConsumer.app/$(BUNDLE_EXECUTABLE_FOLDER_PATH)/enjoConsumer";
			};
			name = Debug;
		};
		3DC9E2282B2B087900DBA476 /* Release */ = {
			isa = XCBuildConfiguration;
			buildSettings = {
				ALWAYS_EMBED_SWIFT_STANDARD_LIBRARIES = YES;
				BUNDLE_LOADER = "$(TEST_HOST)";
				CODE_SIGN_STYLE = Automatic;
				CURRENT_PROJECT_VERSION = 1;
				DEVELOPMENT_TEAM = Q3C3VR2JX9;
				GENERATE_INFOPLIST_FILE = YES;
				IPHONEOS_DEPLOYMENT_TARGET = 17.0;
				MARKETING_VERSION = 1.0;
				PRODUCT_BUNDLE_IDENTIFIER = com.rgs.enjoConsumerTests;
				PRODUCT_NAME = "$(TARGET_NAME)";
				SWIFT_EMIT_LOC_STRINGS = NO;
				SWIFT_VERSION = 5.0;
				TARGETED_DEVICE_FAMILY = "1,2";
				TEST_HOST = "$(BUILT_PRODUCTS_DIR)/enjoConsumer.app/$(BUNDLE_EXECUTABLE_FOLDER_PATH)/enjoConsumer";
			};
			name = Release;
		};
		3DC9E22A2B2B087900DBA476 /* Debug */ = {
			isa = XCBuildConfiguration;
			buildSettings = {
				ALWAYS_EMBED_SWIFT_STANDARD_LIBRARIES = YES;
				CODE_SIGN_STYLE = Automatic;
				CURRENT_PROJECT_VERSION = 1;
				DEVELOPMENT_TEAM = Q3C3VR2JX9;
				GENERATE_INFOPLIST_FILE = YES;
				MARKETING_VERSION = 1.0;
				PRODUCT_BUNDLE_IDENTIFIER = com.rgs.enjoConsumerUITests;
				PRODUCT_NAME = "$(TARGET_NAME)";
				SWIFT_EMIT_LOC_STRINGS = NO;
				SWIFT_VERSION = 5.0;
				TARGETED_DEVICE_FAMILY = "1,2";
				TEST_TARGET_NAME = enjoConsumer;
			};
			name = Debug;
		};
		3DC9E22B2B2B087900DBA476 /* Release */ = {
			isa = XCBuildConfiguration;
			buildSettings = {
				ALWAYS_EMBED_SWIFT_STANDARD_LIBRARIES = YES;
				CODE_SIGN_STYLE = Automatic;
				CURRENT_PROJECT_VERSION = 1;
				DEVELOPMENT_TEAM = Q3C3VR2JX9;
				GENERATE_INFOPLIST_FILE = YES;
				MARKETING_VERSION = 1.0;
				PRODUCT_BUNDLE_IDENTIFIER = com.rgs.enjoConsumerUITests;
				PRODUCT_NAME = "$(TARGET_NAME)";
				SWIFT_EMIT_LOC_STRINGS = NO;
				SWIFT_VERSION = 5.0;
				TARGETED_DEVICE_FAMILY = "1,2";
				TEST_TARGET_NAME = enjoConsumer;
			};
			name = Release;
		};
/* End XCBuildConfiguration section */

/* Begin XCConfigurationList section */
		3DC9E1FA2B2B087700DBA476 /* Build configuration list for PBXProject "enjoConsumer" */ = {
			isa = XCConfigurationList;
			buildConfigurations = (
				3DC9E2212B2B087900DBA476 /* Debug */,
				3DC9E2222B2B087900DBA476 /* Release */,
			);
			defaultConfigurationIsVisible = 0;
			defaultConfigurationName = Release;
		};
		3DC9E2232B2B087900DBA476 /* Build configuration list for PBXNativeTarget "enjoConsumer" */ = {
			isa = XCConfigurationList;
			buildConfigurations = (
				3DC9E2242B2B087900DBA476 /* Debug */,
				3DC9E2252B2B087900DBA476 /* Release */,
			);
			defaultConfigurationIsVisible = 0;
			defaultConfigurationName = Release;
		};
		3DC9E2262B2B087900DBA476 /* Build configuration list for PBXNativeTarget "enjoConsumerTests" */ = {
			isa = XCConfigurationList;
			buildConfigurations = (
				3DC9E2272B2B087900DBA476 /* Debug */,
				3DC9E2282B2B087900DBA476 /* Release */,
			);
			defaultConfigurationIsVisible = 0;
			defaultConfigurationName = Release;
		};
		3DC9E2292B2B087900DBA476 /* Build configuration list for PBXNativeTarget "enjoConsumerUITests" */ = {
			isa = XCConfigurationList;
			buildConfigurations = (
				3DC9E22A2B2B087900DBA476 /* Debug */,
				3DC9E22B2B2B087900DBA476 /* Release */,
			);
			defaultConfigurationIsVisible = 0;
			defaultConfigurationName = Release;
		};
/* End XCConfigurationList section */

/* Begin XCRemoteSwiftPackageReference section */
		3D68697B2B3745F5006BE356 /* XCRemoteSwiftPackageReference "OptionallyDecodable" */ = {
			isa = XCRemoteSwiftPackageReference;
			repositoryURL = "https://github.com/idrougge/OptionallyDecodable";
			requirement = {
				kind = upToNextMajorVersion;
				minimumVersion = 1.2.0;
			};
		};
		3D87121B2B36DF9F00CF3A91 /* XCRemoteSwiftPackageReference "Alamofire" */ = {
			isa = XCRemoteSwiftPackageReference;
			repositoryURL = "https://github.com/Alamofire/Alamofire.git";
			requirement = {
				kind = upToNextMajorVersion;
				minimumVersion = 5.8.1;
			};
		};
		3DCABCD42B2E0260001C5D9C /* XCRemoteSwiftPackageReference "BottomSheet" */ = {
			isa = XCRemoteSwiftPackageReference;
			repositoryURL = "https://github.com/lucaszischka/BottomSheet";
			requirement = {
				kind = exactVersion;
				version = 3.1.1;
			};
		};
/* End XCRemoteSwiftPackageReference section */

/* Begin XCSwiftPackageProductDependency section */
		3D68697C2B3745F5006BE356 /* OptionallyDecodable */ = {
			isa = XCSwiftPackageProductDependency;
			package = 3D68697B2B3745F5006BE356 /* XCRemoteSwiftPackageReference "OptionallyDecodable" */;
			productName = OptionallyDecodable;
		};
		3D87121C2B36DF9F00CF3A91 /* Alamofire */ = {
			isa = XCSwiftPackageProductDependency;
			package = 3D87121B2B36DF9F00CF3A91 /* XCRemoteSwiftPackageReference "Alamofire" */;
			productName = Alamofire;
		};
		3DCABCD52B2E0260001C5D9C /* BottomSheet */ = {
			isa = XCSwiftPackageProductDependency;
			package = 3DCABCD42B2E0260001C5D9C /* XCRemoteSwiftPackageReference "BottomSheet" */;
			productName = BottomSheet;
		};
/* End XCSwiftPackageProductDependency section */
	};
	rootObject = 3DC9E1F72B2B087700DBA476 /* Project object */;
}
